<Solution>
  <!-- Service projects -->
  <Project Path="BookingOrder.Domain\BookingOrder.Domain.csproj" />
  <Project Path="BookingOrder.Application\BookingOrder.Application.csproj" />
  <Project Path="BookingOrder.Infrastructure\BookingOrder.Infrastructure.csproj" />
  <Project Path="BookingOrder.Api\BookingOrder